{
  "name": "adventofcode",
  "version": "1.0.0",
  "lockfileVersion": 2,
  "requires": true,
  "packages": {
    "": {
      "name": "adventofcode",
      "version": "1.0.0",
      "license": "ISC",
      "dependencies": {
        "highs": "^0.7.3",
        "lodash": "^4.17.21"
      }
    },
    "node_modules/highs": {
      "version": "0.7.3",
      "resolved": "https://registry.npmjs.org/highs/-/highs-0.7.3.tgz",
      "integrity": "sha512-oNiU1LuqU7vjEfgwCRKxPUgk11Ut07qCH1pIXMPgQ74D8yYmFYZXqV8lIx2sF5nQZ9IZh+7x2dloEnvX48YBLQ=="
    },
    "node_modules/lodash": {
      "version": "4.17.21",
      "resolved": "https://registry.npmjs.org/lodash/-/lodash-4.17.21.tgz",
      "integrity": "sha512-v2kDEe57lecTulaDIuNTPy3Ry4gLGJ6Z1O3vE1krgXZNrsQ+LFTGHVxVjcXPs17LhbZVGedAJv8XZ1tvj5FvSg=="
    }
  },
  "dependencies": {
    "highs": {
      "version": "0.7.3",
      "resolved": "https://registry.npmjs.org/highs/-/highs-0.7.3.tgz",
      "integrity": "sha512-oNiU1LuqU7vjEfgwCRKxPUgk11Ut07qCH1pIXMPgQ74D8yYmFYZXqV8lIx2sF5nQZ9IZh+7x2dloEnvX48YBLQ=="
    },
    "lodash": {
      "version": "4.17.21",
      "resolved": "https://registry.npmjs.org/lodash/-/lodash-4.17.21.tgz",
      "integrity": "sha512-v2kDEe57lecTulaDIuNTPy3Ry4gLGJ6Z1O3vE1krgXZNrsQ+LFTGHVxVjcXPs17LhbZVGedAJv8XZ1tvj5FvSg=="
    }
  }
}
